
Microsoft Visual Studio Solution File, Format Version 12.00
# Visual Studio Version 17
VisualStudioVersion = 17.6.33829.357
MinimumVisualStudioVersion = 10.0.40219.1
Project("{FAE04EC0-301F-11D3-BF4B-00C04F79EFBC}") = "AlcoScriptGenerator", "AlcoScriptGenerator.csproj", "{F9F04171-6F4A-4C90-B2AD-744122FEB4B9}"
EndProject
Global
	GlobalSection(SolutionConfigurationPlatforms) = preSolution
		Debug|Any CPU = Debug|Any CPU
		Release|Any CPU = Release|Any CPU
	EndGlobalSection
	GlobalSection(ProjectConfigurationPlatforms) = postSolution
		{F9F04171-6F4A-4C90-B2AD-744122FEB4B9}.Debug|Any CPU.ActiveCfg = Debug|Any CPU
		{F9F04171-6F4A-4C90-B2AD-744122FEB4B9}.Debug|Any CPU.Build.0 = Debug|Any CPU
		{F9F04171-6F4A-4C90-B2AD-744122FEB4B9}.Release|Any CPU.ActiveCfg = Release|Any CPU
		{F9F04171-6F4A-4C90-B2AD-744122FEB4B9}.Release|Any CPU.Build.0 = Release|Any CPU
	EndGlobalSection
	GlobalSection(SolutionProperties) = preSolution
		HideSolutionNode = FALSE
	EndGlobalSection
	GlobalSection(ExtensibilityGlobals) = postSolution
		SolutionGuid = {59F01DE3-2CA1-4CF1-B215-65ED933682E6}
	EndGlobalSection
EndGlobal
